// !$*UTF8*$!
{
	archiveVersion = 1;
	classes = {
	};
	objectVersion = 56;
	objects = {

/* Begin PBXBuildFile section */
		FF2DD8562B359DD900C90A87 /* TodoListApp.swift in Sources */ = {isa = PBXBuildFile; fileRef = FF2DD8552B359DD900C90A87 /* TodoListApp.swift */; };
		FF2DD8582B359DD900C90A87 /* ContentView.swift in Sources */ = {isa = PBXBuildFile; fileRef = FF2DD8572B359DD900C90A87 /* ContentView.swift */; };
		FF2DD85A2B359DDE00C90A87 /* Assets.xcassets in Resources */ = {isa = PBXBuildFile; fileRef = FF2DD8592B359DDE00C90A87 /* Assets.xcassets */; };
		FF2DD85D2B359DDE00C90A87 /* Preview Assets.xcassets in Resources */ = {isa = PBXBuildFile; fileRef = FF2DD85C2B359DDE00C90A87 /* Preview Assets.xcassets */; };
		FF2DD8652B35A42300C90A87 /* TLTodoListView.swift in Sources */ = {isa = PBXBuildFile; fileRef = FF2DD8642B35A42300C90A87 /* TLTodoListView.swift */; };
		FF2DD8692B35B51D00C90A87 /* TLTodoCreationView.swift in Sources */ = {isa = PBXBuildFile; fileRef = FF2DD8682B35B51D00C90A87 /* TLTodoCreationView.swift */; };
		FF2DD86B2B35B5CC00C90A87 /* TLTextInput.swift in Sources */ = {isa = PBXBuildFile; fileRef = FF2DD86A2B35B5CC00C90A87 /* TLTextInput.swift */; };
		FF30F84A2B3D867100204C49 /* TodoEntity+CoreDataClass.swift in Sources */ = {isa = PBXBuildFile; fileRef = FF30F8482B3D867100204C49 /* TodoEntity+CoreDataClass.swift */; };
		FF30F84B2B3D867100204C49 /* TodoEntity+CoreDataProperties.swift in Sources */ = {isa = PBXBuildFile; fileRef = FF30F8492B3D867100204C49 /* TodoEntity+CoreDataProperties.swift */; };
		FF30F84D2B3D8BB200204C49 /* TLNoTodosView.swift in Sources */ = {isa = PBXBuildFile; fileRef = FF30F84C2B3D8BB100204C49 /* TLNoTodosView.swift */; };
		FF64469F2B4BCED6007A8F08 /* TLArchivedTodoListView.swift in Sources */ = {isa = PBXBuildFile; fileRef = FF64469E2B4BCED6007A8F08 /* TLArchivedTodoListView.swift */; };
		FF6446A32B4BD645007A8F08 /* TLArchivedTodoItemView.swift in Sources */ = {isa = PBXBuildFile; fileRef = FF6446A22B4BD645007A8F08 /* TLArchivedTodoItemView.swift */; };
		FF6446A52B4BEFBC007A8F08 /* TLNoArchivedTodosView.swift in Sources */ = {isa = PBXBuildFile; fileRef = FF6446A42B4BEFBC007A8F08 /* TLNoArchivedTodosView.swift */; };
		FF68098C2B3D81630064A7B0 /* MainContainer.xcdatamodeld in Sources */ = {isa = PBXBuildFile; fileRef = FF68098A2B3D81630064A7B0 /* MainContainer.xcdatamodeld */; };
		FF6E7DDB2B39556F0001C88F /* TLTodoStatusView.swift in Sources */ = {isa = PBXBuildFile; fileRef = FF6E7DDA2B39556F0001C88F /* TLTodoStatusView.swift */; };
		FF6E7DDE2B395AC80001C88F /* TLTodoViewModel.swift in Sources */ = {isa = PBXBuildFile; fileRef = FF6E7DDD2B395AC80001C88F /* TLTodoViewModel.swift */; };
		FF6E7DE22B395F220001C88F /* TLModelData.swift in Sources */ = {isa = PBXBuildFile; fileRef = FF6E7DE12B395F220001C88F /* TLModelData.swift */; };
		FF8639252B3ADBA000150A4F /* RoundedCorner.swift in Sources */ = {isa = PBXBuildFile; fileRef = FF8639242B3ADBA000150A4F /* RoundedCorner.swift */; };
		FF8639272B3ADBFA00150A4F /* Extensions.swift in Sources */ = {isa = PBXBuildFile; fileRef = FF8639262B3ADBFA00150A4F /* Extensions.swift */; };
		FFC7ED662B3D6AF3004769EB /* TLPersistenceMananger.swift in Sources */ = {isa = PBXBuildFile; fileRef = FFC7ED652B3D6AF3004769EB /* TLPersistenceMananger.swift */; };
		FFCF33242B368A6300143DED /* TLTodoItem.swift in Sources */ = {isa = PBXBuildFile; fileRef = FFCF33232B368A6300143DED /* TLTodoItem.swift */; };
		FFCF33262B368C6000143DED /* TLTodoItemView.swift in Sources */ = {isa = PBXBuildFile; fileRef = FFCF33252B368C6000143DED /* TLTodoItemView.swift */; };
		FFD58A602B42D977001583D0 /* TLTodoPreviewView.swift in Sources */ = {isa = PBXBuildFile; fileRef = FFD58A5F2B42D977001583D0 /* TLTodoPreviewView.swift */; };
		FFE0FB9D2B3A811E007DA560 /* TLSheet.swift in Sources */ = {isa = PBXBuildFile; fileRef = FFE0FB9C2B3A811E007DA560 /* TLSheet.swift */; };
/* End PBXBuildFile section */

/* Begin PBXFileReference section */
		FF2DD8522B359DD900C90A87 /* TodoList.app */ = {isa = PBXFileReference; explicitFileType = wrapper.application; includeInIndex = 0; path = TodoList.app; sourceTree = BUILT_PRODUCTS_DIR; };
		FF2DD8552B359DD900C90A87 /* TodoListApp.swift */ = {isa = PBXFileReference; lastKnownFileType = sourcecode.swift; path = TodoListApp.swift; sourceTree = "<group>"; };
		FF2DD8572B359DD900C90A87 /* ContentView.swift */ = {isa = PBXFileReference; lastKnownFileType = sourcecode.swift; path = ContentView.swift; sourceTree = "<group>"; };
		FF2DD8592B359DDE00C90A87 /* Assets.xcassets */ = {isa = PBXFileReference; lastKnownFileType = folder.assetcatalog; path = Assets.xcassets; sourceTree = "<group>"; };
		FF2DD85C2B359DDE00C90A87 /* Preview Assets.xcassets */ = {isa = PBXFileReference; lastKnownFileType = folder.assetcatalog; path = "Preview Assets.xcassets"; sourceTree = "<group>"; };
		FF2DD8642B35A42300C90A87 /* TLTodoListView.swift */ = {isa = PBXFileReference; lastKnownFileType = sourcecode.swift; path = TLTodoListView.swift; sourceTree = "<group>"; };
		FF2DD8682B35B51D00C90A87 /* TLTodoCreationView.swift */ = {isa = PBXFileReference; lastKnownFileType = sourcecode.swift; path = TLTodoCreationView.swift; sourceTree = "<group>"; };
		FF2DD86A2B35B5CC00C90A87 /* TLTextInput.swift */ = {isa = PBXFileReference; lastKnownFileType = sourcecode.swift; path = TLTextInput.swift; sourceTree = "<group>"; };
		FF30F8482B3D867100204C49 /* TodoEntity+CoreDataClass.swift */ = {isa = PBXFileReference; lastKnownFileType = sourcecode.swift; path = "TodoEntity+CoreDataClass.swift"; sourceTree = "<group>"; };
		FF30F8492B3D867100204C49 /* TodoEntity+CoreDataProperties.swift */ = {isa = PBXFileReference; lastKnownFileType = sourcecode.swift; path = "TodoEntity+CoreDataProperties.swift"; sourceTree = "<group>"; };
		FF30F84C2B3D8BB100204C49 /* TLNoTodosView.swift */ = {isa = PBXFileReference; lastKnownFileType = sourcecode.swift; path = TLNoTodosView.swift; sourceTree = "<group>"; };
		FF64469E2B4BCED6007A8F08 /* TLArchivedTodoListView.swift */ = {isa = PBXFileReference; lastKnownFileType = sourcecode.swift; path = TLArchivedTodoListView.swift; sourceTree = "<group>"; };
		FF6446A22B4BD645007A8F08 /* TLArchivedTodoItemView.swift */ = {isa = PBXFileReference; lastKnownFileType = sourcecode.swift; path = TLArchivedTodoItemView.swift; sourceTree = "<group>"; };
		FF6446A42B4BEFBC007A8F08 /* TLNoArchivedTodosView.swift */ = {isa = PBXFileReference; lastKnownFileType = sourcecode.swift; path = TLNoArchivedTodosView.swift; sourceTree = "<group>"; };
		FF68098B2B3D81630064A7B0 /* MainContainer.xcdatamodel */ = {isa = PBXFileReference; lastKnownFileType = wrapper.xcdatamodel; path = MainContainer.xcdatamodel; sourceTree = "<group>"; };
		FF6E7DDA2B39556F0001C88F /* TLTodoStatusView.swift */ = {isa = PBXFileReference; lastKnownFileType = sourcecode.swift; path = TLTodoStatusView.swift; sourceTree = "<group>"; };
		FF6E7DDD2B395AC80001C88F /* TLTodoViewModel.swift */ = {isa = PBXFileReference; lastKnownFileType = sourcecode.swift; path = TLTodoViewModel.swift; sourceTree = "<group>"; };
		FF6E7DE12B395F220001C88F /* TLModelData.swift */ = {isa = PBXFileReference; lastKnownFileType = sourcecode.swift; path = TLModelData.swift; sourceTree = "<group>"; };
		FF8639242B3ADBA000150A4F /* RoundedCorner.swift */ = {isa = PBXFileReference; lastKnownFileType = sourcecode.swift; path = RoundedCorner.swift; sourceTree = "<group>"; };
		FF8639262B3ADBFA00150A4F /* Extensions.swift */ = {isa = PBXFileReference; lastKnownFileType = sourcecode.swift; path = Extensions.swift; sourceTree = "<group>"; };
		FFC7ED652B3D6AF3004769EB /* TLPersistenceMananger.swift */ = {isa = PBXFileReference; lastKnownFileType = sourcecode.swift; path = TLPersistenceMananger.swift; sourceTree = "<group>"; };
		FFCF33232B368A6300143DED /* TLTodoItem.swift */ = {isa = PBXFileReference; lastKnownFileType = sourcecode.swift; path = TLTodoItem.swift; sourceTree = "<group>"; };
		FFCF33252B368C6000143DED /* TLTodoItemView.swift */ = {isa = PBXFileReference; lastKnownFileType = sourcecode.swift; path = TLTodoItemView.swift; sourceTree = "<group>"; };
		FFD58A5F2B42D977001583D0 /* TLTodoPreviewView.swift */ = {isa = PBXFileReference; lastKnownFileType = sourcecode.swift; path = TLTodoPreviewView.swift; sourceTree = "<group>"; };
		FFE0FB9C2B3A811E007DA560 /* TLSheet.swift */ = {isa = PBXFileReference; lastKnownFileType = sourcecode.swift; path = TLSheet.swift; sourceTree = "<group>"; };
/* End PBXFileReference section */

/* Begin PBXFrameworksBuildPhase section */
		FF2DD84F2B359DD900C90A87 /* Frameworks */ = {
			isa = PBXFrameworksBuildPhase;
			buildActionMask = 2147483647;
			files = (
			);
			runOnlyForDeploymentPostprocessing = 0;
		};
/* End PBXFrameworksBuildPhase section */

/* Begin PBXGroup section */
		FF2DD8492B359DD900C90A87 = {
			isa = PBXGroup;
			children = (
				FF2DD8542B359DD900C90A87 /* TodoList */,
				FF2DD8532B359DD900C90A87 /* Products */,
			);
			sourceTree = "<group>";
		};
		FF2DD8532B359DD900C90A87 /* Products */ = {
			isa = PBXGroup;
			children = (
				FF2DD8522B359DD900C90A87 /* TodoList.app */,
			);
			name = Products;
			sourceTree = "<group>";
		};
		FF2DD8542B359DD900C90A87 /* TodoList */ = {
			isa = PBXGroup;
			children = (
				FF2DD8552B359DD900C90A87 /* TodoListApp.swift */,
				FFE0FB9B2B3A80FE007DA560 /* Commons */,
				FFCF33222B368A4100143DED /* Models */,
				FF2DD8632B35A39100C90A87 /* Views */,
				FF6E7DDC2B395AA20001C88F /* ViewModels */,
				FF2DD8592B359DDE00C90A87 /* Assets.xcassets */,
				FF68098A2B3D81630064A7B0 /* MainContainer.xcdatamodeld */,
				FF2DD85B2B359DDE00C90A87 /* Preview Content */,
			);
			path = TodoList;
			sourceTree = "<group>";
		};
		FF2DD85B2B359DDE00C90A87 /* Preview Content */ = {
			isa = PBXGroup;
			children = (
				FF2DD85C2B359DDE00C90A87 /* Preview Assets.xcassets */,
			);
			path = "Preview Content";
			sourceTree = "<group>";
		};
		FF2DD8632B35A39100C90A87 /* Views */ = {
			isa = PBXGroup;
			children = (
				FF2DD8572B359DD900C90A87 /* ContentView.swift */,
				FF64469D2B4BCE8C007A8F08 /* ArchivedList */,
				FF73B1F62B3C30F600664276 /* TodoCreation */,
				FF73B1F52B3C30B500664276 /* TodoList */,
			);
			path = Views;
			sourceTree = "<group>";
		};
		FF64469D2B4BCE8C007A8F08 /* ArchivedList */ = {
			isa = PBXGroup;
			children = (
				FF64469E2B4BCED6007A8F08 /* TLArchivedTodoListView.swift */,
				FF6446A22B4BD645007A8F08 /* TLArchivedTodoItemView.swift */,
				FF6446A42B4BEFBC007A8F08 /* TLNoArchivedTodosView.swift */,
			);
			path = ArchivedList;
			sourceTree = "<group>";
		};
		FF6E7DDC2B395AA20001C88F /* ViewModels */ = {
			isa = PBXGroup;
			children = (
				FF6E7DDD2B395AC80001C88F /* TLTodoViewModel.swift */,
			);
			path = ViewModels;
			sourceTree = "<group>";
		};
		FF73B1F52B3C30B500664276 /* TodoList */ = {
			isa = PBXGroup;
			children = (
				FF2DD8642B35A42300C90A87 /* TLTodoListView.swift */,
				FFCF33252B368C6000143DED /* TLTodoItemView.swift */,
				FF6E7DDA2B39556F0001C88F /* TLTodoStatusView.swift */,
				FF30F84C2B3D8BB100204C49 /* TLNoTodosView.swift */,
				FFD58A5F2B42D977001583D0 /* TLTodoPreviewView.swift */,
			);
			path = TodoList;
			sourceTree = "<group>";
		};
		FF73B1F62B3C30F600664276 /* TodoCreation */ = {
			isa = PBXGroup;
			children = (
				FF2DD8682B35B51D00C90A87 /* TLTodoCreationView.swift */,
			);
			path = TodoCreation;
			sourceTree = "<group>";
		};
		FFCF33222B368A4100143DED /* Models */ = {
			isa = PBXGroup;
			children = (
				FF30F8482B3D867100204C49 /* TodoEntity+CoreDataClass.swift */,
				FF30F8492B3D867100204C49 /* TodoEntity+CoreDataProperties.swift */,
				FFCF33232B368A6300143DED /* TLTodoItem.swift */,
				FF6E7DE12B395F220001C88F /* TLModelData.swift */,
			);
			path = Models;
			sourceTree = "<group>";
		};
		FFE0FB9B2B3A80FE007DA560 /* Commons */ = {
			isa = PBXGroup;
			children = (
				FF8639262B3ADBFA00150A4F /* Extensions.swift */,
				FF8639242B3ADBA000150A4F /* RoundedCorner.swift */,
				FFC7ED652B3D6AF3004769EB /* TLPersistenceMananger.swift */,
				FFE0FB9C2B3A811E007DA560 /* TLSheet.swift */,
				FF2DD86A2B35B5CC00C90A87 /* TLTextInput.swift */,
			);
			path = Commons;
			sourceTree = "<group>";
		};
/* End PBXGroup section */

/* Begin PBXNativeTarget section */
		FF2DD8512B359DD900C90A87 /* TodoList */ = {
			isa = PBXNativeTarget;
			buildConfigurationList = FF2DD8602B359DDE00C90A87 /* Build configuration list for PBXNativeTarget "TodoList" */;
			buildPhases = (
				FF2DD84E2B359DD900C90A87 /* Sources */,
				FF2DD84F2B359DD900C90A87 /* Frameworks */,
				FF2DD8502B359DD900C90A87 /* Resources */,
			);
			buildRules = (
			);
			dependencies = (
			);
			name = TodoList;
			productName = TodoList;
			productReference = FF2DD8522B359DD900C90A87 /* TodoList.app */;
			productType = "com.apple.product-type.application";
		};
/* End PBXNativeTarget section */

/* Begin PBXProject section */
		FF2DD84A2B359DD900C90A87 /* Project object */ = {
			isa = PBXProject;
			attributes = {
				BuildIndependentTargetsInParallel = 1;
				LastSwiftUpdateCheck = 1500;
				LastUpgradeCheck = 1500;
				TargetAttributes = {
					FF2DD8512B359DD900C90A87 = {
						CreatedOnToolsVersion = 15.0.1;
					};
				};
			};
			buildConfigurationList = FF2DD84D2B359DD900C90A87 /* Build configuration list for PBXProject "TodoList" */;
			compatibilityVersion = "Xcode 14.0";
			developmentRegion = en;
			hasScannedForEncodings = 0;
			knownRegions = (
				en,
				Base,
			);
			mainGroup = FF2DD8492B359DD900C90A87;
			productRefGroup = FF2DD8532B359DD900C90A87 /* Products */;
			projectDirPath = "";
			projectRoot = "";
			targets = (
				FF2DD8512B359DD900C90A87 /* TodoList */,
			);
		};
/* End PBXProject section */

/* Begin PBXResourcesBuildPhase section */
		FF2DD8502B359DD900C90A87 /* Resources */ = {
			isa = PBXResourcesBuildPhase;
			buildActionMask = 2147483647;
			files = (
				FF2DD85D2B359DDE00C90A87 /* Preview Assets.xcassets in Resources */,
				FF2DD85A2B359DDE00C90A87 /* Assets.xcassets in Resources */,
			);
			runOnlyForDeploymentPostprocessing = 0;
		};
/* End PBXResourcesBuildPhase section */

/* Begin PBXSourcesBuildPhase section */
		FF2DD84E2B359DD900C90A87 /* Sources */ = {
			isa = PBXSourcesBuildPhase;
			buildActionMask = 2147483647;
			files = (
				FF30F84A2B3D867100204C49 /* TodoEntity+CoreDataClass.swift in Sources */,
				FF8639252B3ADBA000150A4F /* RoundedCorner.swift in Sources */,
				FFCF33262B368C6000143DED /* TLTodoItemView.swift in Sources */,
				FF64469F2B4BCED6007A8F08 /* TLArchivedTodoListView.swift in Sources */,
				FF6446A52B4BEFBC007A8F08 /* TLNoArchivedTodosView.swift in Sources */,
				FF2DD8652B35A42300C90A87 /* TLTodoListView.swift in Sources */,
				FF2DD86B2B35B5CC00C90A87 /* TLTextInput.swift in Sources */,
				FFE0FB9D2B3A811E007DA560 /* TLSheet.swift in Sources */,
				FF2DD8582B359DD900C90A87 /* ContentView.swift in Sources */,
				FF2DD8692B35B51D00C90A87 /* TLTodoCreationView.swift in Sources */,
				FF6E7DDE2B395AC80001C88F /* TLTodoViewModel.swift in Sources */,
				FF6446A32B4BD645007A8F08 /* TLArchivedTodoItemView.swift in Sources */,
				FF30F84B2B3D867100204C49 /* TodoEntity+CoreDataProperties.swift in Sources */,
				FF8639272B3ADBFA00150A4F /* Extensions.swift in Sources */,
				FF30F84D2B3D8BB200204C49 /* TLNoTodosView.swift in Sources */,
				FFCF33242B368A6300143DED /* TLTodoItem.swift in Sources */,
				FF6E7DE22B395F220001C88F /* TLModelData.swift in Sources */,
				FF2DD8562B359DD900C90A87 /* TodoListApp.swift in Sources */,
				FFC7ED662B3D6AF3004769EB /* TLPersistenceMananger.swift in Sources */,
				FF6E7DDB2B39556F0001C88F /* TLTodoStatusView.swift in Sources */,
				FF68098C2B3D81630064A7B0 /* MainContainer.xcdatamodeld in Sources */,
				FFD58A602B42D977001583D0 /* TLTodoPreviewView.swift in Sources */,
			);
			runOnlyForDeploymentPostprocessing = 0;
		};
/* End PBXSourcesBuildPhase section */

/* Begin XCBuildConfiguration section */
		FF2DD85E2B359DDE00C90A87 /* Debug */ = {
			isa = XCBuildConfiguration;
			buildSettings = {
				ALWAYS_SEARCH_USER_PATHS = NO;
				ASSETCATALOG_COMPILER_GENERATE_SWIFT_ASSET_SYMBOL_EXTENSIONS = YES;
				CLANG_ANALYZER_NONNULL = YES;
				CLANG_ANALYZER_NUMBER_OBJECT_CONVERSION = YES_AGGRESSIVE;
				CLANG_CXX_LANGUAGE_STANDARD = "gnu++20";
				CLANG_ENABLE_MODULES = YES;
				CLANG_ENABLE_OBJC_ARC = YES;
				CLANG_ENABLE_OBJC_WEAK = YES;
				CLANG_WARN_BLOCK_CAPTURE_AUTORELEASING = YES;
				CLANG_WARN_BOOL_CONVERSION = YES;
				CLANG_WARN_COMMA = YES;
				CLANG_WARN_CONSTANT_CONVERSION = YES;
				CLANG_WARN_DEPRECATED_OBJC_IMPLEMENTATIONS = YES;
				CLANG_WARN_DIRECT_OBJC_ISA_USAGE = YES_ERROR;
				CLANG_WARN_DOCUMENTATION_COMMENTS = YES;
				CLANG_WARN_EMPTY_BODY = YES;
				CLANG_WARN_ENUM_CONVERSION = YES;
				CLANG_WARN_INFINITE_RECURSION = YES;
				CLANG_WARN_INT_CONVERSION = YES;
				CLANG_WARN_NON_LITERAL_NULL_CONVERSION = YES;
				CLANG_WARN_OBJC_IMPLICIT_RETAIN_SELF = YES;
				CLANG_WARN_OBJC_LITERAL_CONVERSION = YES;
				CLANG_WARN_OBJC_ROOT_CLASS = YES_ERROR;
				CLANG_WARN_QUOTED_INCLUDE_IN_FRAMEWORK_HEADER = YES;
				CLANG_WARN_RANGE_LOOP_ANALYSIS = YES;
				CLANG_WARN_STRICT_PROTOTYPES = YES;
				CLANG_WARN_SUSPICIOUS_MOVE = YES;
				CLANG_WARN_UNGUARDED_AVAILABILITY = YES_AGGRESSIVE;
				CLANG_WARN_UNREACHABLE_CODE = YES;
				CLANG_WARN__DUPLICATE_METHOD_MATCH = YES;
				COPY_PHASE_STRIP = NO;
				DEBUG_INFORMATION_FORMAT = dwarf;
				ENABLE_STRICT_OBJC_MSGSEND = YES;
				ENABLE_TESTABILITY = YES;
				ENABLE_USER_SCRIPT_SANDBOXING = YES;
				GCC_C_LANGUAGE_STANDARD = gnu17;
				GCC_DYNAMIC_NO_PIC = NO;
				GCC_NO_COMMON_BLOCKS = YES;
				GCC_OPTIMIZATION_LEVEL = 0;
				GCC_PREPROCESSOR_DEFINITIONS = (
					"DEBUG=1",
					"$(inherited)",
				);
				GCC_WARN_64_TO_32_BIT_CONVERSION = YES;
				GCC_WARN_ABOUT_RETURN_TYPE = YES_ERROR;
				GCC_WARN_UNDECLARED_SELECTOR = YES;
				GCC_WARN_UNINITIALIZED_AUTOS = YES_AGGRESSIVE;
				GCC_WARN_UNUSED_FUNCTION = YES;
				GCC_WARN_UNUSED_VARIABLE = YES;
				IPHONEOS_DEPLOYMENT_TARGET = 15.0;
				LOCALIZATION_PREFERS_STRING_CATALOGS = YES;
				MTL_ENABLE_DEBUG_INFO = INCLUDE_SOURCE;
				MTL_FAST_MATH = YES;
				ONLY_ACTIVE_ARCH = YES;
				SDKROOT = iphoneos;
				SWIFT_ACTIVE_COMPILATION_CONDITIONS = "DEBUG $(inherited)";
				SWIFT_OPTIMIZATION_LEVEL = "-Onone";
			};
			name = Debug;
		};
		FF2DD85F2B359DDE00C90A87 /* Release */ = {
			isa = XCBuildConfiguration;
			buildSettings = {
				ALWAYS_SEARCH_USER_PATHS = NO;
				ASSETCATALOG_COMPILER_GENERATE_SWIFT_ASSET_SYMBOL_EXTENSIONS = YES;
				CLANG_ANALYZER_NONNULL = YES;
				CLANG_ANALYZER_NUMBER_OBJECT_CONVERSION = YES_AGGRESSIVE;
				CLANG_CXX_LANGUAGE_STANDARD = "gnu++20";
				CLANG_ENABLE_MODULES = YES;
				CLANG_ENABLE_OBJC_ARC = YES;
				CLANG_ENABLE_OBJC_WEAK = YES;
				CLANG_WARN_BLOCK_CAPTURE_AUTORELEASING = YES;
				CLANG_WARN_BOOL_CONVERSION = YES;
				CLANG_WARN_COMMA = YES;
				CLANG_WARN_CONSTANT_CONVERSION = YES;
				CLANG_WARN_DEPRECATED_OBJC_IMPLEMENTATIONS = YES;
				CLANG_WARN_DIRECT_OBJC_ISA_USAGE = YES_ERROR;
				CLANG_WARN_DOCUMENTATION_COMMENTS = YES;
				CLANG_WARN_EMPTY_BODY = YES;
				CLANG_WARN_ENUM_CONVERSION = YES;
				CLANG_WARN_INFINITE_RECURSION = YES;
				CLANG_WARN_INT_CONVERSION = YES;
				CLANG_WARN_NON_LITERAL_NULL_CONVERSION = YES;
				CLANG_WARN_OBJC_IMPLICIT_RETAIN_SELF = YES;
				CLANG_WARN_OBJC_LITERAL_CONVERSION = YES;
				CLANG_WARN_OBJC_ROOT_CLASS = YES_ERROR;
				CLANG_WARN_QUOTED_INCLUDE_IN_FRAMEWORK_HEADER = YES;
				CLANG_WARN_RANGE_LOOP_ANALYSIS = YES;
				CLANG_WARN_STRICT_PROTOTYPES = YES;
				CLANG_WARN_SUSPICIOUS_MOVE = YES;
				CLANG_WARN_UNGUARDED_AVAILABILITY = YES_AGGRESSIVE;
				CLANG_WARN_UNREACHABLE_CODE = YES;
				CLANG_WARN__DUPLICATE_METHOD_MATCH = YES;
				COPY_PHASE_STRIP = NO;
				DEBUG_INFORMATION_FORMAT = "dwarf-with-dsym";
				ENABLE_NS_ASSERTIONS = NO;
				ENABLE_STRICT_OBJC_MSGSEND = YES;
				ENABLE_USER_SCRIPT_SANDBOXING = YES;
				GCC_C_LANGUAGE_STANDARD = gnu17;
				GCC_NO_COMMON_BLOCKS = YES;
				GCC_WARN_64_TO_32_BIT_CONVERSION = YES;
				GCC_WARN_ABOUT_RETURN_TYPE = YES_ERROR;
				GCC_WARN_UNDECLARED_SELECTOR = YES;
				GCC_WARN_UNINITIALIZED_AUTOS = YES_AGGRESSIVE;
				GCC_WARN_UNUSED_FUNCTION = YES;
				GCC_WARN_UNUSED_VARIABLE = YES;
				IPHONEOS_DEPLOYMENT_TARGET = 15.0;
				LOCALIZATION_PREFERS_STRING_CATALOGS = YES;
				MTL_ENABLE_DEBUG_INFO = NO;
				MTL_FAST_MATH = YES;
				SDKROOT = iphoneos;
				SWIFT_COMPILATION_MODE = wholemodule;
				VALIDATE_PRODUCT = YES;
			};
			name = Release;
		};
		FF2DD8612B359DDE00C90A87 /* Debug */ = {
			isa = XCBuildConfiguration;
			buildSettings = {
				ASSETCATALOG_COMPILER_APPICON_NAME = AppIcon;
				ASSETCATALOG_COMPILER_GLOBAL_ACCENT_COLOR_NAME = AccentColor;
				CODE_SIGN_STYLE = Automatic;
				CURRENT_PROJECT_VERSION = 1;
				DEVELOPMENT_ASSET_PATHS = "\"TodoList/Preview Content\"";
				DEVELOPMENT_TEAM = FMMGHKGHHC;
				ENABLE_PREVIEWS = YES;
				GENERATE_INFOPLIST_FILE = YES;
				INFOPLIST_KEY_CFBundleDisplayName = Todos;
				INFOPLIST_KEY_UIApplicationSceneManifest_Generation = YES;
				INFOPLIST_KEY_UIApplicationSupportsIndirectInputEvents = YES;
				INFOPLIST_KEY_UILaunchScreen_Generation = YES;
				INFOPLIST_KEY_UISupportedInterfaceOrientations = UIInterfaceOrientationPortrait;
				INFOPLIST_KEY_UISupportedInterfaceOrientations_iPad = "UIInterfaceOrientationLandscapeLeft UIInterfaceOrientationLandscapeRight UIInterfaceOrientationPortrait UIInterfaceOrientationPortraitUpsideDown";
				IPHONEOS_DEPLOYMENT_TARGET = 15.0;
				LD_RUNPATH_SEARCH_PATHS = (
					"$(inherited)",
					"@executable_path/Frameworks",
				);
				MARKETING_VERSION = 1.0;
				PRODUCT_BUNDLE_IDENTIFIER = com.shagaranasution.Todos;
				PRODUCT_NAME = "$(TARGET_NAME)";
				SWIFT_EMIT_LOC_STRINGS = YES;
				SWIFT_VERSION = 5.0;
				TARGETED_DEVICE_FAMILY = "1,2";
			};
			name = Debug;
		};
		FF2DD8622B359DDE00C90A87 /* Release */ = {
			isa = XCBuildConfiguration;
			buildSettings = {
				ASSETCATALOG_COMPILER_APPICON_NAME = AppIcon;
				ASSETCATALOG_COMPILER_GLOBAL_ACCENT_COLOR_NAME = AccentColor;
				CODE_SIGN_STYLE = Automatic;
				CURRENT_PROJECT_VERSION = 1;
				DEVELOPMENT_ASSET_PATHS = "\"TodoList/Preview Content\"";
				DEVELOPMENT_TEAM = FMMGHKGHHC;
				ENABLE_PREVIEWS = YES;
				GENERATE_INFOPLIST_FILE = YES;
				INFOPLIST_KEY_CFBundleDisplayName = Todos;
				INFOPLIST_KEY_UIApplicationSceneManifest_Generation = YES;
				INFOPLIST_KEY_UIApplicationSupportsIndirectInputEvents = YES;
				INFOPLIST_KEY_UILaunchScreen_Generation = YES;
				INFOPLIST_KEY_UISupportedInterfaceOrientations = UIInterfaceOrientationPortrait;
				INFOPLIST_KEY_UISupportedInterfaceOrientations_iPad = "UIInterfaceOrientationLandscapeLeft UIInterfaceOrientationLandscapeRight UIInterfaceOrientationPortrait UIInterfaceOrientationPortraitUpsideDown";
				IPHONEOS_DEPLOYMENT_TARGET = 15.0;
				LD_RUNPATH_SEARCH_PATHS = (
					"$(inherited)",
					"@executable_path/Frameworks",
				);
				MARKETING_VERSION = 1.0;
				PRODUCT_BUNDLE_IDENTIFIER = com.shagaranasution.Todos;
				PRODUCT_NAME = "$(TARGET_NAME)";
				SWIFT_EMIT_LOC_STRINGS = YES;
				SWIFT_VERSION = 5.0;
				TARGETED_DEVICE_FAMILY = "1,2";
			};
			name = Release;
		};
/* End XCBuildConfiguration section */

/* Begin XCConfigurationList section */
		FF2DD84D2B359DD900C90A87 /* Build configuration list for PBXProject "TodoList" */ = {
			isa = XCConfigurationList;
			buildConfigurations = (
				FF2DD85E2B359DDE00C90A87 /* Debug */,
				FF2DD85F2B359DDE00C90A87 /* Release */,
			);
			defaultConfigurationIsVisible = 0;
			defaultConfigurationName = Release;
		};
		FF2DD8602B359DDE00C90A87 /* Build configuration list for PBXNativeTarget "TodoList" */ = {
			isa = XCConfigurationList;
			buildConfigurations = (
				FF2DD8612B359DDE00C90A87 /* Debug */,
				FF2DD8622B359DDE00C90A87 /* Release */,
			);
			defaultConfigurationIsVisible = 0;
			defaultConfigurationName = Release;
		};
/* End XCConfigurationList section */

/* Begin XCVersionGroup section */
		FF68098A2B3D81630064A7B0 /* MainContainer.xcdatamodeld */ = {
			isa = XCVersionGroup;
			children = (
				FF68098B2B3D81630064A7B0 /* MainContainer.xcdatamodel */,
			);
			currentVersion = FF68098B2B3D81630064A7B0 /* MainContainer.xcdatamodel */;
			path = MainContainer.xcdatamodeld;
			sourceTree = "<group>";
			versionGroupType = wrapper.xcdatamodel;
		};
/* End XCVersionGroup section */
	};
	rootObject = FF2DD84A2B359DD900C90A87 /* Project object */;
}
